
Microsoft Visual Studio Solution File, Format Version 12.00
# Visual Studio Version 17
VisualStudioVersion = 17.5.33516.290
MinimumVisualStudioVersion = 10.0.40219.1
Project("{FAE04EC0-301F-11D3-BF4B-00C04F79EFBC}") = "Pratice", "Pratice\Pratice.csproj", "{AFEC30C4-A39F-427B-A400-1ED8FBA209D2}"
EndProject
Global
	GlobalSection(SolutionConfigurationPlatforms) = preSolution
		Debug|Any CPU = Debug|Any CPU
		Release|Any CPU = Release|Any CPU
	EndGlobalSection
	GlobalSection(ProjectConfigurationPlatforms) = postSolution
		{AFEC30C4-A39F-427B-A400-1ED8FBA209D2}.Debug|Any CPU.ActiveCfg = Debug|Any CPU
		{AFEC30C4-A39F-427B-A400-1ED8FBA209D2}.Debug|Any CPU.Build.0 = Debug|Any CPU
		{AFEC30C4-A39F-427B-A400-1ED8FBA209D2}.Release|Any CPU.ActiveCfg = Release|Any CPU
		{AFEC30C4-A39F-427B-A400-1ED8FBA209D2}.Release|Any CPU.Build.0 = Release|Any CPU
	EndGlobalSection
	GlobalSection(SolutionProperties) = preSolution
		HideSolutionNode = FALSE
	EndGlobalSection
	GlobalSection(ExtensibilityGlobals) = postSolution
		SolutionGuid = {499F06C0-8B62-45B4-9A37-6565D1C424D5}
	EndGlobalSection
EndGlobal
